
Microsoft Visual Studio Solution File, Format Version 11.00
# Visual Studio 2010
Project("{FAE04EC0-301F-11D3-BF4B-00C04F79EFBC}") = "Unity.XR.OpenXR", "Unity.XR.OpenXR.csproj", "{1a350df6-f068-ca50-0ae8-5923a936d02a}"
EndProject
Project("{FAE04EC0-301F-11D3-BF4B-00C04F79EFBC}") = "Unity.Timeline", "Unity.Timeline.csproj", "{dddfd241-4145-aace-8205-f90b603a0734}"
EndProject
Project("{FAE04EC0-301F-11D3-BF4B-00C04F79EFBC}") = "Oculus.Interaction.Editor", "Oculus.Interaction.Editor.csproj", "{9c153bc0-25f0-54c2-e319-d3c7dd6ecb05}"
EndProject
Project("{FAE04EC0-301F-11D3-BF4B-00C04F79EFBC}") = "Unity.Timeline.Editor", "Unity.Timeline.Editor.csproj", "{429635ac-75d6-9d1b-10bf-a370cb153101}"
EndProject
Project("{FAE04EC0-301F-11D3-BF4B-00C04F79EFBC}") = "Unity.InputSystem", "Unity.InputSystem.csproj", "{d917c812-04aa-729d-f4ed-89f0fe04cb22}"
EndProject
Project("{FAE04EC0-301F-11D3-BF4B-00C04F79EFBC}") = "Microsoft.MixedReality.Toolkit", "Microsoft.MixedReality.Toolkit.csproj", "{6cf87d19-e643-a68e-383a-f46ddfcac4a0}"
EndProject
Project("{FAE04EC0-301F-11D3-BF4B-00C04F79EFBC}") = "Unity.TextMeshPro.Editor", "Unity.TextMeshPro.Editor.csproj", "{9f9abb03-7992-3b5b-04a2-5f8184bd1e0e}"
EndProject
Project("{FAE04EC0-301F-11D3-BF4B-00C04F79EFBC}") = "Unity.XR.Management", "Unity.XR.Management.csproj", "{e117149c-dd02-871b-61b7-f6ca7b5a6bbc}"
EndProject
Project("{FAE04EC0-301F-11D3-BF4B-00C04F79EFBC}") = "Oculus.VR", "Oculus.VR.csproj", "{6eff5530-8d00-f83e-415a-57fd27240057}"
EndProject
Project("{FAE04EC0-301F-11D3-BF4B-00C04F79EFBC}") = "Unity.XR.ARFoundation.Editor", "Unity.XR.ARFoundation.Editor.csproj", "{ae880e73-b83a-281d-c619-821ab852f501}"
EndProject
Project("{FAE04EC0-301F-11D3-BF4B-00C04F79EFBC}") = "Oculus.Interaction", "Oculus.Interaction.csproj", "{5f8a9220-f650-e814-1e0b-ebefbd95f057}"
EndProject
Project("{FAE04EC0-301F-11D3-BF4B-00C04F79EFBC}") = "Meta.WitAi.Conduit", "Meta.WitAi.Conduit.csproj", "{27bf2a8a-c828-7480-8520-8b48927c7970}"
EndProject
Project("{FAE04EC0-301F-11D3-BF4B-00C04F79EFBC}") = "Microsoft.MixedReality.Toolkit.SDK", "Microsoft.MixedReality.Toolkit.SDK.csproj", "{a4586abc-4f7a-1969-73c4-c8cf9291f01f}"
EndProject
Project("{FAE04EC0-301F-11D3-BF4B-00C04F79EFBC}") = "UnityEditor.UI", "UnityEditor.UI.csproj", "{6cd304f0-c2ac-f85e-1d3c-399736bf0bf3}"
EndProject
Project("{FAE04EC0-301F-11D3-BF4B-00C04F79EFBC}") = "Unity.XR.CoreUtils.Editor", "Unity.XR.CoreUtils.Editor.csproj", "{89a01400-d0b7-0478-4f02-2554fc85b013}"
EndProject
Project("{FAE04EC0-301F-11D3-BF4B-00C04F79EFBC}") = "Unity.PlasticSCM.Editor", "Unity.PlasticSCM.Editor.csproj", "{3380be3c-3ccd-99e4-e857-f564461b372a}"
EndProject
Project("{FAE04EC0-301F-11D3-BF4B-00C04F79EFBC}") = "Unity.Mathematics", "Unity.Mathematics.csproj", "{6f58a7c6-43e6-f936-95e9-60d5835af659}"
EndProject
Project("{FAE04EC0-301F-11D3-BF4B-00C04F79EFBC}") = "Microsoft.MixedReality.Toolkit.Editor.BuildAndDeploy", "Microsoft.MixedReality.Toolkit.Editor.BuildAndDeploy.csproj", "{2c8a041e-a70a-7322-019f-882fbcc2d67a}"
EndProject
Project("{FAE04EC0-301F-11D3-BF4B-00C04F79EFBC}") = "Microsoft.MixedReality.Toolkit.SDK.Editor", "Microsoft.MixedReality.Toolkit.SDK.Editor.csproj", "{f22b6e35-a87c-215a-3485-f3650cc6af4d}"
EndProject
Project("{FAE04EC0-301F-11D3-BF4B-00C04F79EFBC}") = "Microsoft.MixedReality.Toolkit.Editor.ServiceInspectors", "Microsoft.MixedReality.Toolkit.Editor.ServiceInspectors.csproj", "{f2b8ea87-f921-714b-0bb7-02c71f5ecad4}"
EndProject
Project("{FAE04EC0-301F-11D3-BF4B-00C04F79EFBC}") = "Microsoft.MixedReality.Toolkit.SDK.Experimental.Interactive", "Microsoft.MixedReality.Toolkit.SDK.Experimental.Interactive.csproj", "{11b04ad5-bba6-385c-977c-d7f0dece8f54}"
EndProject
Project("{FAE04EC0-301F-11D3-BF4B-00C04F79EFBC}") = "Microsoft.MixedReality.OpenXR.Editor", "Microsoft.MixedReality.OpenXR.Editor.csproj", "{8821f320-5703-f305-1923-824b465c587d}"
EndProject
Project("{FAE04EC0-301F-11D3-BF4B-00C04F79EFBC}") = "Oculus.Platform", "Oculus.Platform.csproj", "{f12b3488-6053-5d7e-688b-ec28a7a64792}"
EndProject
Project("{FAE04EC0-301F-11D3-BF4B-00C04F79EFBC}") = "Meta.WitAi.Editor", "Meta.WitAi.Editor.csproj", "{e3f3533d-76a2-6760-2685-820f021e5355}"
EndProject
Project("{FAE04EC0-301F-11D3-BF4B-00C04F79EFBC}") = "UnityEditor.TestRunner", "UnityEditor.TestRunner.csproj", "{9dae8429-b1c3-1193-ea51-4080b4d278f4}"
EndProject
Project("{FAE04EC0-301F-11D3-BF4B-00C04F79EFBC}") = "Microsoft.MixedReality.Toolkit.Providers.XRSDK.Oculus", "Microsoft.MixedReality.Toolkit.Providers.XRSDK.Oculus.csproj", "{d8cd9142-b149-0a4b-abac-a612c0010839}"
EndProject
Project("{FAE04EC0-301F-11D3-BF4B-00C04F79EFBC}") = "Meta.WitAi.Conduit.Editor", "Meta.WitAi.Conduit.Editor.csproj", "{6df2e359-ad6d-9cd7-fe3a-e25cbcd2e5f3}"
EndProject
Project("{FAE04EC0-301F-11D3-BF4B-00C04F79EFBC}") = "Meta.WitAi", "Meta.WitAi.csproj", "{1ca3aeec-b8ea-2426-d72c-aff24482c676}"
EndProject
Project("{FAE04EC0-301F-11D3-BF4B-00C04F79EFBC}") = "Oculus.Interaction.OVR.Samples", "Oculus.Interaction.OVR.Samples.csproj", "{5cf056f1-2d2e-0df7-ea39-7269370ca928}"
EndProject
Project("{FAE04EC0-301F-11D3-BF4B-00C04F79EFBC}") = "Assembly-CSharp", "Assembly-CSharp.csproj", "{66c4b463-8208-469e-2411-6838e3bbd018}"
EndProject
Project("{FAE04EC0-301F-11D3-BF4B-00C04F79EFBC}") = "Unity.XR.ARSubsystems", "Unity.XR.ARSubsystems.csproj", "{0d826adf-a05a-07df-b413-a179e35d208b}"
EndProject
Project("{FAE04EC0-301F-11D3-BF4B-00C04F79EFBC}") = "Unity.XR.ARFoundation", "Unity.XR.ARFoundation.csproj", "{3eac6f43-dfa6-039a-ffa3-7c89f2273a08}"
EndProject
Project("{FAE04EC0-301F-11D3-BF4B-00C04F79EFBC}") = "UnityEngine.TestRunner", "UnityEngine.TestRunner.csproj", "{a7b147df-acde-7455-8b3e-ddaa27f57731}"
EndProject
Project("{FAE04EC0-301F-11D3-BF4B-00C04F79EFBC}") = "Unity.XR.CoreUtils", "Unity.XR.CoreUtils.csproj", "{b376955c-2657-f22f-de59-ec75d80fa906}"
EndProject
Project("{FAE04EC0-301F-11D3-BF4B-00C04F79EFBC}") = "Microsoft.MixedReality.Toolkit.Providers.OpenXR", "Microsoft.MixedReality.Toolkit.Providers.OpenXR.csproj", "{1963fc62-321c-383c-7789-e1635ecb1798}"
EndProject
Project("{FAE04EC0-301F-11D3-BF4B-00C04F79EFBC}") = "Unity.XR.Oculus", "Unity.XR.Oculus.csproj", "{805dccdc-ecb3-b79c-ae3f-3610186b7c17}"
EndProject
Project("{FAE04EC0-301F-11D3-BF4B-00C04F79EFBC}") = "Unity.XR.Management.Editor", "Unity.XR.Management.Editor.csproj", "{6a2b7918-ee48-c8af-d5f0-62ee36ea0101}"
EndProject
Project("{FAE04EC0-301F-11D3-BF4B-00C04F79EFBC}") = "UnityEngine.UI", "UnityEngine.UI.csproj", "{50788959-91b8-2826-4ee4-3520e6995fc9}"
EndProject
Project("{FAE04EC0-301F-11D3-BF4B-00C04F79EFBC}") = "Meta.WitAi.Lib", "Meta.WitAi.Lib.csproj", "{6df7d8cb-c392-9297-d580-c03bb79182ff}"
EndProject
Project("{FAE04EC0-301F-11D3-BF4B-00C04F79EFBC}") = "Unity.AI.Navigation.Editor", "Unity.AI.Navigation.Editor.csproj", "{5a7d13e9-e139-5eca-3cdc-521c6dfedf65}"
EndProject
Project("{FAE04EC0-301F-11D3-BF4B-00C04F79EFBC}") = "Microsoft.MixedReality.OpenXR", "Microsoft.MixedReality.OpenXR.csproj", "{c630e5cf-633b-3348-c07f-addf034a323f}"
EndProject
Project("{FAE04EC0-301F-11D3-BF4B-00C04F79EFBC}") = "Oculus.VR.Editor", "Oculus.VR.Editor.csproj", "{6469cb13-f336-d048-8dbe-7a04b4caf48e}"
EndProject
Project("{FAE04EC0-301F-11D3-BF4B-00C04F79EFBC}") = "Unity.VisualStudio.Editor", "Unity.VisualStudio.Editor.csproj", "{c5bfca83-6ab4-d7f3-ad81-c000e9870d4b}"
EndProject
Project("{FAE04EC0-301F-11D3-BF4B-00C04F79EFBC}") = "Unity.XR.Oculus.Editor", "Unity.XR.Oculus.Editor.csproj", "{364c288f-e368-e519-9629-d48f1cc91bf7}"
EndProject
Project("{FAE04EC0-301F-11D3-BF4B-00C04F79EFBC}") = "EventSystem", "EventSystem.csproj", "{0767385b-2951-aef9-2aaf-1441d5a7f3b6}"
EndProject
Project("{FAE04EC0-301F-11D3-BF4B-00C04F79EFBC}") = "Unity.XR.Simulation", "Unity.XR.Simulation.csproj", "{fcae2405-781b-7e10-b9ec-52325520671d}"
EndProject
Project("{FAE04EC0-301F-11D3-BF4B-00C04F79EFBC}") = "Microsoft.MixedReality.Toolkit.MSBuild", "Microsoft.MixedReality.Toolkit.MSBuild.csproj", "{5a885a3e-c06f-bbf1-52df-0e31d0258b0f}"
EndProject
Project("{FAE04EC0-301F-11D3-BF4B-00C04F79EFBC}") = "Unity.XR.Simulation.Editor", "Unity.XR.Simulation.Editor.csproj", "{0dccb184-4aa9-b373-bb6e-122da0d0b429}"
EndProject
Project("{FAE04EC0-301F-11D3-BF4B-00C04F79EFBC}") = "Unity.Rider.Editor", "Unity.Rider.Editor.csproj", "{f2b607fb-e616-1c42-f3c8-12dddde2386a}"
EndProject
Project("{FAE04EC0-301F-11D3-BF4B-00C04F79EFBC}") = "Microsoft.MixedReality.Toolkit.Editor.Inspectors", "Microsoft.MixedReality.Toolkit.Editor.Inspectors.csproj", "{bb721bfd-08f8-2db2-3bbd-51743fc80481}"
EndProject
Project("{FAE04EC0-301F-11D3-BF4B-00C04F79EFBC}") = "Microsoft.MixedReality.Toolkit.Gltf", "Microsoft.MixedReality.Toolkit.Gltf.csproj", "{52ecf705-58be-46dd-c270-5f61f0e5f2dc}"
EndProject
Project("{FAE04EC0-301F-11D3-BF4B-00C04F79EFBC}") = "Microsoft.MixedReality.Toolkit.Providers.UnityAR.Editor", "Microsoft.MixedReality.Toolkit.Providers.UnityAR.Editor.csproj", "{1f5d81e3-e4df-2c1b-8621-ae15f630f34e}"
EndProject
Project("{FAE04EC0-301F-11D3-BF4B-00C04F79EFBC}") = "Microsoft.MixedReality.Toolkit.Demos.UX.Interactables", "Microsoft.MixedReality.Toolkit.Demos.UX.Interactables.csproj", "{7346d7cf-244d-23b9-0af4-dfb3de400e74}"
EndProject
Project("{FAE04EC0-301F-11D3-BF4B-00C04F79EFBC}") = "VoiceSDK.Dictation.Runtime", "VoiceSDK.Dictation.Runtime.csproj", "{f6bdf29c-51db-e053-d6a9-be669869e032}"
EndProject
Project("{FAE04EC0-301F-11D3-BF4B-00C04F79EFBC}") = "Microsoft.MixedReality.Toolkit.Tests.Utilities", "Microsoft.MixedReality.Toolkit.Tests.Utilities.csproj", "{e488f24a-ec89-91a9-60d0-b2a716462412}"
EndProject
Project("{FAE04EC0-301F-11D3-BF4B-00C04F79EFBC}") = "Unity.AI.Navigation", "Unity.AI.Navigation.csproj", "{1361410e-6d8a-0ebd-6188-618695d7805f}"
EndProject
Project("{FAE04EC0-301F-11D3-BF4B-00C04F79EFBC}") = "Oculus.LipSync", "Oculus.LipSync.csproj", "{d2211637-705b-8cdb-9ab1-d45bba2b418b}"
EndProject
Project("{FAE04EC0-301F-11D3-BF4B-00C04F79EFBC}") = "Unity.AI.Navigation.Editor.ConversionSystem", "Unity.AI.Navigation.Editor.ConversionSystem.csproj", "{671a545c-31fa-83d2-b069-da35e30fd0ab}"
EndProject
Project("{FAE04EC0-301F-11D3-BF4B-00C04F79EFBC}") = "Microsoft.MixedReality.Toolkit.Providers.LeapMotion.Editor", "Microsoft.MixedReality.Toolkit.Providers.LeapMotion.Editor.csproj", "{edb5d6dd-ff4c-f4ac-bcc5-888fc844b6a0}"
EndProject
Project("{FAE04EC0-301F-11D3-BF4B-00C04F79EFBC}") = "Unity.XR.OpenXR.Editor", "Unity.XR.OpenXR.Editor.csproj", "{56194692-fbad-aa86-06fe-dcada4fe6c21}"
EndProject
Project("{FAE04EC0-301F-11D3-BF4B-00C04F79EFBC}") = "UnityEditor.XR.LegacyInputHelpers", "UnityEditor.XR.LegacyInputHelpers.csproj", "{8461dc53-5fbb-efa2-f7b0-a6479466d2fa}"
EndProject
Project("{FAE04EC0-301F-11D3-BF4B-00C04F79EFBC}") = "Oculus.Interaction.OVR", "Oculus.Interaction.OVR.csproj", "{0f4c1628-9c17-8554-a1a3-8f91189584f8}"
EndProject
Project("{FAE04EC0-301F-11D3-BF4B-00C04F79EFBC}") = "VoiceSDK.Editor", "VoiceSDK.Editor.csproj", "{9330ab64-cb7e-80e9-6de6-f2199082b9d2}"
EndProject
Project("{FAE04EC0-301F-11D3-BF4B-00C04F79EFBC}") = "Microsoft.MixedReality.Toolkit.Providers.WindowsMixedReality.Shared", "Microsoft.MixedReality.Toolkit.Providers.WindowsMixedReality.Shared.csproj", "{03bc936d-b376-ba43-e6d3-502cb7ef47ad}"
EndProject
Project("{FAE04EC0-301F-11D3-BF4B-00C04F79EFBC}") = "Microsoft.MixedReality.Toolkit.Extensions.SceneTransitionService", "Microsoft.MixedReality.Toolkit.Extensions.SceneTransitionService.csproj", "{2d368247-f794-fd5d-0c22-6b3b26b4aed3}"
EndProject
Project("{FAE04EC0-301F-11D3-BF4B-00C04F79EFBC}") = "Meta.WitAI.Lib.Editor", "Meta.WitAI.Lib.Editor.csproj", "{6d801170-f555-dc1e-edf0-3c05c605011d}"
EndProject
Project("{FAE04EC0-301F-11D3-BF4B-00C04F79EFBC}") = "Oculus.Spatializer.Editor", "Oculus.Spatializer.Editor.csproj", "{cecb3ec4-66d8-673b-c998-cf66cfd096ab}"
EndProject
Project("{FAE04EC0-301F-11D3-BF4B-00C04F79EFBC}") = "Unity.TextMeshPro", "Unity.TextMeshPro.csproj", "{30d8e418-3447-6e65-e730-0133899d3b60}"
EndProject
Project("{FAE04EC0-301F-11D3-BF4B-00C04F79EFBC}") = "Microsoft.MixedReality.Toolkit.Services.InputSystem.Editor", "Microsoft.MixedReality.Toolkit.Services.InputSystem.Editor.csproj", "{0c571ffc-8540-6e54-4e65-f138da95f63f}"
EndProject
Project("{FAE04EC0-301F-11D3-BF4B-00C04F79EFBC}") = "Microsoft.MixedReality.Toolkit.SDK.Experimental.Editor.Interactive", "Microsoft.MixedReality.Toolkit.SDK.Experimental.Editor.Interactive.csproj", "{f498a2e9-207e-c328-876a-0e7942dc3cbd}"
EndProject
Project("{FAE04EC0-301F-11D3-BF4B-00C04F79EFBC}") = "Microsoft.MixedReality.Toolkit.Providers.XRSDK.WindowsMixedReality", "Microsoft.MixedReality.Toolkit.Providers.XRSDK.WindowsMixedReality.csproj", "{2e637b49-e89e-eac6-57e9-1fcc6a2689da}"
EndProject
Project("{FAE04EC0-301F-11D3-BF4B-00C04F79EFBC}") = "Unity.XR.ARSubsystems.Editor", "Unity.XR.ARSubsystems.Editor.csproj", "{acc4f5f1-132c-3881-080c-1f0b05e61a04}"
EndProject
Project("{FAE04EC0-301F-11D3-BF4B-00C04F79EFBC}") = "Unity.XR.OpenXR.Features.MockRuntime", "Unity.XR.OpenXR.Features.MockRuntime.csproj", "{e15f7513-0b92-b8ef-4ff2-71110a0ca328}"
EndProject
Project("{FAE04EC0-301F-11D3-BF4B-00C04F79EFBC}") = "Oculus.AudioManager", "Oculus.AudioManager.csproj", "{bc5c8561-8991-c184-005e-aca79419e889}"
EndProject
Project("{FAE04EC0-301F-11D3-BF4B-00C04F79EFBC}") = "AssistantCoreSDKRuntime", "AssistantCoreSDKRuntime.csproj", "{eae531da-9aa4-994a-502a-479d3e93ffb0}"
EndProject
Project("{FAE04EC0-301F-11D3-BF4B-00C04F79EFBC}") = "Facebook.Wit.Dictation", "Facebook.Wit.Dictation.csproj", "{fa1bb518-09ee-8b28-b287-d7de1ab5c95c}"
EndProject
Project("{FAE04EC0-301F-11D3-BF4B-00C04F79EFBC}") = "Microsoft.MixedReality.Toolkit.Services.InputSystem", "Microsoft.MixedReality.Toolkit.Services.InputSystem.csproj", "{904709eb-d2d4-c5fa-4440-95880951a0ea}"
EndProject
Project("{FAE04EC0-301F-11D3-BF4B-00C04F79EFBC}") = "Microsoft.MixedReality.Toolkit.Providers.WindowsVoiceInput", "Microsoft.MixedReality.Toolkit.Providers.WindowsVoiceInput.csproj", "{f6238bde-477c-91f4-e84b-4db017f5bad2}"
EndProject
Project("{FAE04EC0-301F-11D3-BF4B-00C04F79EFBC}") = "Microsoft.MixedReality.Toolkit.Tools", "Microsoft.MixedReality.Toolkit.Tools.csproj", "{f959491d-fd80-1cad-3635-d0bf100c496e}"
EndProject
Project("{FAE04EC0-301F-11D3-BF4B-00C04F79EFBC}") = "Unity.VSCode.Editor", "Unity.VSCode.Editor.csproj", "{c0105f23-38a0-575a-5dcd-6be55bbff20b}"
EndProject
Project("{FAE04EC0-301F-11D3-BF4B-00C04F79EFBC}") = "Unity.XR.MockHMD", "Unity.XR.MockHMD.csproj", "{2d973199-9b9a-7520-77c7-40968a269046}"
EndProject
Project("{FAE04EC0-301F-11D3-BF4B-00C04F79EFBC}") = "Unity.Toolchain.Linux-x86_64", "Unity.Toolchain.Linux-x86_64.csproj", "{5e300990-05c3-e8f5-033d-176f5bc35ab7}"
EndProject
Project("{FAE04EC0-301F-11D3-BF4B-00C04F79EFBC}") = "Unity.Sysroot.Linux_x86_64", "Unity.Sysroot.Linux_x86_64.csproj", "{b445f922-9923-c048-3961-403bd178cda3}"
EndProject
Project("{FAE04EC0-301F-11D3-BF4B-00C04F79EFBC}") = "VoiceSDK.Runtime", "VoiceSDK.Runtime.csproj", "{b8e1feac-d0ec-ba70-105e-b4c08b29af25}"
EndProject
Project("{FAE04EC0-301F-11D3-BF4B-00C04F79EFBC}") = "Microsoft.MixedReality.Toolkit.Services.InputSimulation", "Microsoft.MixedReality.Toolkit.Services.InputSimulation.csproj", "{facdd1ed-444e-2c98-a7b1-ce3b3126a358}"
EndProject
Project("{FAE04EC0-301F-11D3-BF4B-00C04F79EFBC}") = "Unity.AI.Navigation.Updater", "Unity.AI.Navigation.Updater.csproj", "{6bc511f0-1210-7217-66b4-af3217876bac}"
EndProject
Project("{FAE04EC0-301F-11D3-BF4B-00C04F79EFBC}") = "UnityEditor.SpatialTracking", "UnityEditor.SpatialTracking.csproj", "{35b4873b-2ceb-b002-58b5-ae705cc82620}"
EndProject
Project("{FAE04EC0-301F-11D3-BF4B-00C04F79EFBC}") = "Microsoft.MixedReality.Toolkit.Services.InputSimulation.Editor", "Microsoft.MixedReality.Toolkit.Services.InputSimulation.Editor.csproj", "{43538f13-ba5c-e05e-6a09-19fa72f60afb}"
EndProject
Project("{FAE04EC0-301F-11D3-BF4B-00C04F79EFBC}") = "Microsoft.MixedReality.Toolkit.Providers.UnityAR", "Microsoft.MixedReality.Toolkit.Providers.UnityAR.csproj", "{05a0763b-44dc-4076-bd9d-c757a40bd325}"
EndProject
Project("{FAE04EC0-301F-11D3-BF4B-00C04F79EFBC}") = "Microsoft.MixedReality.Toolkit.Editor.Utilities", "Microsoft.MixedReality.Toolkit.Editor.Utilities.csproj", "{f3082166-3b5b-d98c-6b5f-8d81bd561a3f}"
EndProject
Project("{FAE04EC0-301F-11D3-BF4B-00C04F79EFBC}") = "Oculus.AudioManager.Audio.Editor", "Oculus.AudioManager.Audio.Editor.csproj", "{f264b7b0-b2bf-ef8c-3d38-2dbffffe1655}"
EndProject
Project("{FAE04EC0-301F-11D3-BF4B-00C04F79EFBC}") = "Microsoft.MixedReality.Toolkit.Examples", "Microsoft.MixedReality.Toolkit.Examples.csproj", "{32bae37f-7daf-670d-6eb2-beed023e117b}"
EndProject
Project("{FAE04EC0-301F-11D3-BF4B-00C04F79EFBC}") = "Assembly-CSharp-Editor", "Assembly-CSharp-Editor.csproj", "{e5962695-8221-eb9d-e1c6-5faddebbbc52}"
EndProject
Project("{FAE04EC0-301F-11D3-BF4B-00C04F79EFBC}") = "Unity.XR.ARAnalytics.Editor", "Unity.XR.ARAnalytics.Editor.csproj", "{526b5554-24a3-0cb3-2ffb-18f883e9426c}"
EndProject
Project("{FAE04EC0-301F-11D3-BF4B-00C04F79EFBC}") = "Oculus.Voice.Demo", "Oculus.Voice.Demo.csproj", "{0581a3b5-174a-8f1d-d80a-91ac915cdcd6}"
EndProject
Project("{FAE04EC0-301F-11D3-BF4B-00C04F79EFBC}") = "Oculus.VR.Scripts.Editor", "Oculus.VR.Scripts.Editor.csproj", "{159aa04d-ce7a-5a82-050b-863c4be2662a}"
EndProject
Project("{FAE04EC0-301F-11D3-BF4B-00C04F79EFBC}") = "Microsoft.MixedReality.Toolkit.Tools.Runtime", "Microsoft.MixedReality.Toolkit.Tools.Runtime.csproj", "{163c4edd-66d6-955c-350a-1aac5678967e}"
EndProject
Project("{FAE04EC0-301F-11D3-BF4B-00C04F79EFBC}") = "Microsoft.MixedReality.Toolkit.Services.DiagnosticsSystem", "Microsoft.MixedReality.Toolkit.Services.DiagnosticsSystem.csproj", "{4e0f1c68-267c-37c0-4ec6-87bb9e1cb4e4}"
EndProject
Project("{FAE04EC0-301F-11D3-BF4B-00C04F79EFBC}") = "Meta.WitAi.TTS.Samples", "Meta.WitAi.TTS.Samples.csproj", "{e5ee5d78-9b9d-76ae-880d-c5689f344852}"
EndProject
Project("{FAE04EC0-301F-11D3-BF4B-00C04F79EFBC}") = "Microsoft.MixedReality.Toolkit.StandardAssets.Editor", "Microsoft.MixedReality.Toolkit.StandardAssets.Editor.csproj", "{e77dc0cc-ee78-0e6c-ce28-074f1b3130dd}"
EndProject
Project("{FAE04EC0-301F-11D3-BF4B-00C04F79EFBC}") = "Microsoft.MixedReality.Toolkit.Extensions.Tracking", "Microsoft.MixedReality.Toolkit.Extensions.Tracking.csproj", "{33c1f1e9-f3ef-e975-2819-6d72dde33eb4}"
EndProject
Project("{FAE04EC0-301F-11D3-BF4B-00C04F79EFBC}") = "Microsoft.MixedReality.Toolkit.Providers.LeapMotion", "Microsoft.MixedReality.Toolkit.Providers.LeapMotion.csproj", "{8ae66d46-2a02-9111-bb48-a9ee55b9a77a}"
EndProject
Project("{FAE04EC0-301F-11D3-BF4B-00C04F79EFBC}") = "Meta.WitAi.TTS", "Meta.WitAi.TTS.csproj", "{ccb53dab-da44-85be-0f9c-f4cd1dc9f5ae}"
EndProject
Project("{FAE04EC0-301F-11D3-BF4B-00C04F79EFBC}") = "Unity.XR.OpenXR.Features.RuntimeDebugger", "Unity.XR.OpenXR.Features.RuntimeDebugger.csproj", "{1ab8a3ba-530c-c3bf-87c9-51cdab2f031d}"
EndProject
Project("{FAE04EC0-301F-11D3-BF4B-00C04F79EFBC}") = "Microsoft.MixedReality.Toolkit.Providers.WindowsMixedReality.Editor", "Microsoft.MixedReality.Toolkit.Providers.WindowsMixedReality.Editor.csproj", "{bc164838-cba4-2321-345a-4474e27451e3}"
EndProject
Project("{FAE04EC0-301F-11D3-BF4B-00C04F79EFBC}") = "Microsoft.MixedReality.Toolkit.Gltf.Importers", "Microsoft.MixedReality.Toolkit.Gltf.Importers.csproj", "{cad222cc-bae2-9e03-7d65-0d1d4f181ef9}"
EndProject
Project("{FAE04EC0-301F-11D3-BF4B-00C04F79EFBC}") = "UnityEngine.SpatialTracking", "UnityEngine.SpatialTracking.csproj", "{9bfd0269-286b-f532-eade-960e5c47b49b}"
EndProject
Project("{FAE04EC0-301F-11D3-BF4B-00C04F79EFBC}") = "Microsoft.MixedReality.Toolkit.Services.SceneSystem", "Microsoft.MixedReality.Toolkit.Services.SceneSystem.csproj", "{07160d3d-30cb-23d6-ac31-c1274d354a07}"
EndProject
Project("{FAE04EC0-301F-11D3-BF4B-00C04F79EFBC}") = "Microsoft.MixedReality.Toolkit.Async", "Microsoft.MixedReality.Toolkit.Async.csproj", "{00cfd5cb-5963-a261-ada8-fb035441e1a3}"
EndProject
Project("{FAE04EC0-301F-11D3-BF4B-00C04F79EFBC}") = "Microsoft.MixedReality.Toolkit.Providers.XRSDK.Oculus.Handtracking.Editor", "Microsoft.MixedReality.Toolkit.Providers.XRSDK.Oculus.Handtracking.Editor.csproj", "{a85cf537-53bc-1dbf-b204-b6e89e9d1618}"
EndProject
Project("{FAE04EC0-301F-11D3-BF4B-00C04F79EFBC}") = "Microsoft.MixedReality.Toolkit.Providers.XRSDK", "Microsoft.MixedReality.Toolkit.Providers.XRSDK.csproj", "{ef67ca62-4abf-105d-8685-65d13c905c88}"
EndProject
Project("{FAE04EC0-301F-11D3-BF4B-00C04F79EFBC}") = "Oculus.Interaction.Samples.Editor", "Oculus.Interaction.Samples.Editor.csproj", "{6f16f883-53db-ad65-e848-594dd72ebcaa}"
EndProject
Project("{FAE04EC0-301F-11D3-BF4B-00C04F79EFBC}") = "Microsoft.MixedReality.Toolkit.Services.CameraSystem", "Microsoft.MixedReality.Toolkit.Services.CameraSystem.csproj", "{6681ac84-92a9-817f-4fce-0572f4e0e999}"
EndProject
Project("{FAE04EC0-301F-11D3-BF4B-00C04F79EFBC}") = "Microsoft.MixedReality.Toolkit.Services.InputAnimation", "Microsoft.MixedReality.Toolkit.Services.InputAnimation.csproj", "{005aae16-b616-4fb1-f041-d17bb44c6cbd}"
EndProject
Project("{FAE04EC0-301F-11D3-BF4B-00C04F79EFBC}") = "Unity.XR.OpenXR.Features.MetaQuestSupport", "Unity.XR.OpenXR.Features.MetaQuestSupport.csproj", "{ddb2faf6-c20a-f8e3-b07e-5072f0107a5e}"
EndProject
Project("{FAE04EC0-301F-11D3-BF4B-00C04F79EFBC}") = "Meta.WitAi.TTS.Editor", "Meta.WitAi.TTS.Editor.csproj", "{73fa1095-113b-5592-be4f-21c500d5d0e4}"
EndProject
Project("{FAE04EC0-301F-11D3-BF4B-00C04F79EFBC}") = "Microsoft.MixedReality.Toolkit.Editor.ClassExtensions", "Microsoft.MixedReality.Toolkit.Editor.ClassExtensions.csproj", "{30094780-eacb-afaa-4d27-e661ad34061e}"
EndProject
Project("{FAE04EC0-301F-11D3-BF4B-00C04F79EFBC}") = "Unity.InputSystem.ForUI", "Unity.InputSystem.ForUI.csproj", "{e8c9b40c-1615-8460-a575-816528c4373a}"
EndProject
Project("{FAE04EC0-301F-11D3-BF4B-00C04F79EFBC}") = "Oculus.Platform.Editor", "Oculus.Platform.Editor.csproj", "{fcf571b4-874f-3e0c-4532-b32653a0cf4b}"
EndProject
Project("{FAE04EC0-301F-11D3-BF4B-00C04F79EFBC}") = "Unity.Mathematics.Editor", "Unity.Mathematics.Editor.csproj", "{4da843a1-2841-c368-148b-f084001cc578}"
EndProject
Project("{FAE04EC0-301F-11D3-BF4B-00C04F79EFBC}") = "Unity.XR.MockHMD.Editor", "Unity.XR.MockHMD.Editor.csproj", "{48b0d269-8181-dcf8-e46e-2f7fb9b55538}"
EndProject
Project("{FAE04EC0-301F-11D3-BF4B-00C04F79EFBC}") = "Microsoft.MixedReality.Toolkit.Providers.WindowsSceneUnderstanding", "Microsoft.MixedReality.Toolkit.Providers.WindowsSceneUnderstanding.csproj", "{cee26232-1179-a507-9b39-164107a9eeec}"
EndProject
Project("{FAE04EC0-301F-11D3-BF4B-00C04F79EFBC}") = "Oculus.Interaction.OVR.Editor", "Oculus.Interaction.OVR.Editor.csproj", "{1eb180e2-1ab5-4d94-f9ad-32b2afa46364}"
EndProject
Project("{FAE04EC0-301F-11D3-BF4B-00C04F79EFBC}") = "Microsoft.MixedReality.Toolkit.Providers.ObjectMeshObserver", "Microsoft.MixedReality.Toolkit.Providers.ObjectMeshObserver.csproj", "{de753388-87c6-df30-a1d9-4be61e46cd3f}"
EndProject
Project("{FAE04EC0-301F-11D3-BF4B-00C04F79EFBC}") = "Oculus.Spatializer", "Oculus.Spatializer.csproj", "{36e0d1f5-d0ef-ff45-4e9e-e3cba780c1d9}"
EndProject
Project("{FAE04EC0-301F-11D3-BF4B-00C04F79EFBC}") = "Microsoft.MixedReality.Toolkit.SDK.Experimental.Editor", "Microsoft.MixedReality.Toolkit.SDK.Experimental.Editor.csproj", "{1247ff2f-6d3f-414d-00b2-2711dde906a3}"
EndProject
Project("{FAE04EC0-301F-11D3-BF4B-00C04F79EFBC}") = "Microsoft.MixedReality.Toolkit.Services.TeleportSystem", "Microsoft.MixedReality.Toolkit.Services.TeleportSystem.csproj", "{60580567-8723-c588-1442-440538c724d5}"
EndProject
Project("{FAE04EC0-301F-11D3-BF4B-00C04F79EFBC}") = "Oculus.LipSync.Editor", "Oculus.LipSync.Editor.csproj", "{0f02fe9c-9aa8-cc13-7f56-34bf0daa01c3}"
EndProject
Project("{FAE04EC0-301F-11D3-BF4B-00C04F79EFBC}") = "Oculus.AudioManager.Utils.Editor", "Oculus.AudioManager.Utils.Editor.csproj", "{bda248ea-e412-574c-f2b3-19869f2d6083}"
EndProject
Project("{FAE04EC0-301F-11D3-BF4B-00C04F79EFBC}") = "Meta.VoiceSDK.Mic.Common", "Meta.VoiceSDK.Mic.Common.csproj", "{c4fd63d5-3df9-1fef-72db-7083b4da03e9}"
EndProject
Project("{FAE04EC0-301F-11D3-BF4B-00C04F79EFBC}") = "VoiceSDK.Dictation.Editor", "VoiceSDK.Dictation.Editor.csproj", "{c3200b8e-d720-10eb-53be-1f30d4255c5c}"
EndProject
Project("{FAE04EC0-301F-11D3-BF4B-00C04F79EFBC}") = "Unity.SysrootPackage.Editor", "Unity.SysrootPackage.Editor.csproj", "{8fc4b64e-b9b4-174f-7f52-d54fab31ef38}"
EndProject
Project("{FAE04EC0-301F-11D3-BF4B-00C04F79EFBC}") = "Unity.InputSystem.TestFramework", "Unity.InputSystem.TestFramework.csproj", "{5ebf4de5-5abb-9363-36fd-76e752bb3e8a}"
EndProject
Project("{FAE04EC0-301F-11D3-BF4B-00C04F79EFBC}") = "Microsoft.MixedReality.Toolkit.Extensions.HandPhysics", "Microsoft.MixedReality.Toolkit.Extensions.HandPhysics.csproj", "{53419856-9fdb-6be4-be51-c66bb7d4a5ab}"
EndProject
Project("{FAE04EC0-301F-11D3-BF4B-00C04F79EFBC}") = "Unity.XR.OpenXR.Features.MetaQuestSupport.Editor", "Unity.XR.OpenXR.Features.MetaQuestSupport.Editor.csproj", "{81e96e9e-e8ac-aba5-a8e0-e51e241d6056}"
EndProject
Project("{FAE04EC0-301F-11D3-BF4B-00C04F79EFBC}") = "UnityEngine.XR.LegacyInputHelpers", "UnityEngine.XR.LegacyInputHelpers.csproj", "{e4b5dbcf-2ba0-1735-4236-4c6dee5a6b12}"
EndProject
Project("{FAE04EC0-301F-11D3-BF4B-00C04F79EFBC}") = "Meta.VoiceSDK.Mic.Other", "Meta.VoiceSDK.Mic.Other.csproj", "{7d9c5201-e68d-9072-f2ce-c2316a4fb04c}"
EndProject
Project("{FAE04EC0-301F-11D3-BF4B-00C04F79EFBC}") = "Unity.XR.OpenXR.Features.OculusQuestSupport.Editor", "Unity.XR.OpenXR.Features.OculusQuestSupport.Editor.csproj", "{706fd5f5-ecef-8918-8418-277538f52183}"
EndProject
Project("{FAE04EC0-301F-11D3-BF4B-00C04F79EFBC}") = "MRTK.OpenXR.Editor", "MRTK.OpenXR.Editor.csproj", "{f35c14ce-2277-79ce-b540-c83eb9be562e}"
EndProject
Project("{FAE04EC0-301F-11D3-BF4B-00C04F79EFBC}") = "Unity.XR.OpenXR.Features.RuntimeDebugger.Editor", "Unity.XR.OpenXR.Features.RuntimeDebugger.Editor.csproj", "{8eb21f82-290c-b539-1910-f981b7bc8c15}"
EndProject
Project("{FAE04EC0-301F-11D3-BF4B-00C04F79EFBC}") = "Microsoft.MixedReality.Toolkit.Extensions.Tracking.Editor", "Microsoft.MixedReality.Toolkit.Extensions.Tracking.Editor.csproj", "{784d616d-d75d-478e-ac8c-cc9dea79e973}"
EndProject
Project("{FAE04EC0-301F-11D3-BF4B-00C04F79EFBC}") = "AssistantCoreSDKEditor", "AssistantCoreSDKEditor.csproj", "{a85d8d59-3bfc-be5f-c222-0b05997ff74f}"
EndProject
Project("{FAE04EC0-301F-11D3-BF4B-00C04F79EFBC}") = "Oculus.Interaction.InterfaceSupport", "Oculus.Interaction.InterfaceSupport.csproj", "{39896da2-0b2d-dcee-42b1-932d962e4012}"
EndProject
Project("{FAE04EC0-301F-11D3-BF4B-00C04F79EFBC}") = "Microsoft.MixedReality.Toolkit.Providers.WindowsSceneUnderstanding.Editor", "Microsoft.MixedReality.Toolkit.Providers.WindowsSceneUnderstanding.Editor.csproj", "{70521a33-2b0f-3adf-e565-78e581f3a20c}"
EndProject
Project("{FAE04EC0-301F-11D3-BF4B-00C04F79EFBC}") = "Microsoft.MixedReality.Toolkit.Services.SpatialAwarenessSystem", "Microsoft.MixedReality.Toolkit.Services.SpatialAwarenessSystem.csproj", "{9e2e986a-432b-1b10-46a3-3be54eb75bc2}"
EndProject
Project("{FAE04EC0-301F-11D3-BF4B-00C04F79EFBC}") = "Unity.Toolchain.Win-x86_64-Linux-x86_64", "Unity.Toolchain.Win-x86_64-Linux-x86_64.csproj", "{144c0aed-392d-a46a-7655-03df54593a51}"
EndProject
Project("{FAE04EC0-301F-11D3-BF4B-00C04F79EFBC}") = "Facebook.Wit.Dictation.Editor", "Facebook.Wit.Dictation.Editor.csproj", "{444cabfc-c370-30ca-406b-44ec4ba6032b}"
EndProject
Project("{FAE04EC0-301F-11D3-BF4B-00C04F79EFBC}") = "Unity.XR.OpenXR.Features.ConformanceAutomation", "Unity.XR.OpenXR.Features.ConformanceAutomation.csproj", "{ae9f43ac-664c-ef3f-8331-c9abda93c916}"
EndProject
Project("{FAE04EC0-301F-11D3-BF4B-00C04F79EFBC}") = "Unity.CollabProxy.Editor", "Unity.CollabProxy.Editor.csproj", "{c44dcc5a-2766-a425-69fa-2f669f5978f9}"
EndProject
Project("{FAE04EC0-301F-11D3-BF4B-00C04F79EFBC}") = "Unity.XR.ARFoundation.InternalUtils", "Unity.XR.ARFoundation.InternalUtils.csproj", "{c5a517a8-6d25-d8c8-9b2c-2b9f859f5def}"
EndProject
Project("{FAE04EC0-301F-11D3-BF4B-00C04F79EFBC}") = "Tests", "Tests.csproj", "{354c2bf7-ea10-5acd-3f22-ef4a6b42e207}"
EndProject
Project("{FAE04EC0-301F-11D3-BF4B-00C04F79EFBC}") = "Unity.XR.OpenXR.Features.OculusQuestSupport", "Unity.XR.OpenXR.Features.OculusQuestSupport.csproj", "{1e634568-331a-0634-0ddf-d3a13b700b50}"
EndProject
Global
	GlobalSection(SolutionConfigurationPlatforms) = preSolution
		Debug|Any CPU = Debug|Any CPU
	EndGlobalSection
	GlobalSection(ProjectConfigurationPlatforms) = postSolution
		{1a350df6-f068-ca50-0ae8-5923a936d02a}.Debug|Any CPU.ActiveCfg = Debug|Any CPU
		{1a350df6-f068-ca50-0ae8-5923a936d02a}.Debug|Any CPU.Build.0 = Debug|Any CPU
		{dddfd241-4145-aace-8205-f90b603a0734}.Debug|Any CPU.ActiveCfg = Debug|Any CPU
		{dddfd241-4145-aace-8205-f90b603a0734}.Debug|Any CPU.Build.0 = Debug|Any CPU
		{9c153bc0-25f0-54c2-e319-d3c7dd6ecb05}.Debug|Any CPU.ActiveCfg = Debug|Any CPU
		{9c153bc0-25f0-54c2-e319-d3c7dd6ecb05}.Debug|Any CPU.Build.0 = Debug|Any CPU
		{429635ac-75d6-9d1b-10bf-a370cb153101}.Debug|Any CPU.ActiveCfg = Debug|Any CPU
		{429635ac-75d6-9d1b-10bf-a370cb153101}.Debug|Any CPU.Build.0 = Debug|Any CPU
		{d917c812-04aa-729d-f4ed-89f0fe04cb22}.Debug|Any CPU.ActiveCfg = Debug|Any CPU
		{d917c812-04aa-729d-f4ed-89f0fe04cb22}.Debug|Any CPU.Build.0 = Debug|Any CPU
		{6cf87d19-e643-a68e-383a-f46ddfcac4a0}.Debug|Any CPU.ActiveCfg = Debug|Any CPU
		{6cf87d19-e643-a68e-383a-f46ddfcac4a0}.Debug|Any CPU.Build.0 = Debug|Any CPU
		{9f9abb03-7992-3b5b-04a2-5f8184bd1e0e}.Debug|Any CPU.ActiveCfg = Debug|Any CPU
		{9f9abb03-7992-3b5b-04a2-5f8184bd1e0e}.Debug|Any CPU.Build.0 = Debug|Any CPU
		{e117149c-dd02-871b-61b7-f6ca7b5a6bbc}.Debug|Any CPU.ActiveCfg = Debug|Any CPU
		{e117149c-dd02-871b-61b7-f6ca7b5a6bbc}.Debug|Any CPU.Build.0 = Debug|Any CPU
		{6eff5530-8d00-f83e-415a-57fd27240057}.Debug|Any CPU.ActiveCfg = Debug|Any CPU
		{6eff5530-8d00-f83e-415a-57fd27240057}.Debug|Any CPU.Build.0 = Debug|Any CPU
		{ae880e73-b83a-281d-c619-821ab852f501}.Debug|Any CPU.ActiveCfg = Debug|Any CPU
		{ae880e73-b83a-281d-c619-821ab852f501}.Debug|Any CPU.Build.0 = Debug|Any CPU
		{5f8a9220-f650-e814-1e0b-ebefbd95f057}.Debug|Any CPU.ActiveCfg = Debug|Any CPU
		{5f8a9220-f650-e814-1e0b-ebefbd95f057}.Debug|Any CPU.Build.0 = Debug|Any CPU
		{27bf2a8a-c828-7480-8520-8b48927c7970}.Debug|Any CPU.ActiveCfg = Debug|Any CPU
		{27bf2a8a-c828-7480-8520-8b48927c7970}.Debug|Any CPU.Build.0 = Debug|Any CPU
		{a4586abc-4f7a-1969-73c4-c8cf9291f01f}.Debug|Any CPU.ActiveCfg = Debug|Any CPU
		{a4586abc-4f7a-1969-73c4-c8cf9291f01f}.Debug|Any CPU.Build.0 = Debug|Any CPU
		{6cd304f0-c2ac-f85e-1d3c-399736bf0bf3}.Debug|Any CPU.ActiveCfg = Debug|Any CPU
		{6cd304f0-c2ac-f85e-1d3c-399736bf0bf3}.Debug|Any CPU.Build.0 = Debug|Any CPU
		{89a01400-d0b7-0478-4f02-2554fc85b013}.Debug|Any CPU.ActiveCfg = Debug|Any CPU
		{89a01400-d0b7-0478-4f02-2554fc85b013}.Debug|Any CPU.Build.0 = Debug|Any CPU
		{3380be3c-3ccd-99e4-e857-f564461b372a}.Debug|Any CPU.ActiveCfg = Debug|Any CPU
		{3380be3c-3ccd-99e4-e857-f564461b372a}.Debug|Any CPU.Build.0 = Debug|Any CPU
		{6f58a7c6-43e6-f936-95e9-60d5835af659}.Debug|Any CPU.ActiveCfg = Debug|Any CPU
		{6f58a7c6-43e6-f936-95e9-60d5835af659}.Debug|Any CPU.Build.0 = Debug|Any CPU
		{2c8a041e-a70a-7322-019f-882fbcc2d67a}.Debug|Any CPU.ActiveCfg = Debug|Any CPU
		{2c8a041e-a70a-7322-019f-882fbcc2d67a}.Debug|Any CPU.Build.0 = Debug|Any CPU
		{f22b6e35-a87c-215a-3485-f3650cc6af4d}.Debug|Any CPU.ActiveCfg = Debug|Any CPU
		{f22b6e35-a87c-215a-3485-f3650cc6af4d}.Debug|Any CPU.Build.0 = Debug|Any CPU
		{f2b8ea87-f921-714b-0bb7-02c71f5ecad4}.Debug|Any CPU.ActiveCfg = Debug|Any CPU
		{f2b8ea87-f921-714b-0bb7-02c71f5ecad4}.Debug|Any CPU.Build.0 = Debug|Any CPU
		{11b04ad5-bba6-385c-977c-d7f0dece8f54}.Debug|Any CPU.ActiveCfg = Debug|Any CPU
		{11b04ad5-bba6-385c-977c-d7f0dece8f54}.Debug|Any CPU.Build.0 = Debug|Any CPU
		{8821f320-5703-f305-1923-824b465c587d}.Debug|Any CPU.ActiveCfg = Debug|Any CPU
		{8821f320-5703-f305-1923-824b465c587d}.Debug|Any CPU.Build.0 = Debug|Any CPU
		{f12b3488-6053-5d7e-688b-ec28a7a64792}.Debug|Any CPU.ActiveCfg = Debug|Any CPU
		{f12b3488-6053-5d7e-688b-ec28a7a64792}.Debug|Any CPU.Build.0 = Debug|Any CPU
		{e3f3533d-76a2-6760-2685-820f021e5355}.Debug|Any CPU.ActiveCfg = Debug|Any CPU
		{e3f3533d-76a2-6760-2685-820f021e5355}.Debug|Any CPU.Build.0 = Debug|Any CPU
		{9dae8429-b1c3-1193-ea51-4080b4d278f4}.Debug|Any CPU.ActiveCfg = Debug|Any CPU
		{9dae8429-b1c3-1193-ea51-4080b4d278f4}.Debug|Any CPU.Build.0 = Debug|Any CPU
		{d8cd9142-b149-0a4b-abac-a612c0010839}.Debug|Any CPU.ActiveCfg = Debug|Any CPU
		{d8cd9142-b149-0a4b-abac-a612c0010839}.Debug|Any CPU.Build.0 = Debug|Any CPU
		{6df2e359-ad6d-9cd7-fe3a-e25cbcd2e5f3}.Debug|Any CPU.ActiveCfg = Debug|Any CPU
		{6df2e359-ad6d-9cd7-fe3a-e25cbcd2e5f3}.Debug|Any CPU.Build.0 = Debug|Any CPU
		{1ca3aeec-b8ea-2426-d72c-aff24482c676}.Debug|Any CPU.ActiveCfg = Debug|Any CPU
		{1ca3aeec-b8ea-2426-d72c-aff24482c676}.Debug|Any CPU.Build.0 = Debug|Any CPU
		{5cf056f1-2d2e-0df7-ea39-7269370ca928}.Debug|Any CPU.ActiveCfg = Debug|Any CPU
		{5cf056f1-2d2e-0df7-ea39-7269370ca928}.Debug|Any CPU.Build.0 = Debug|Any CPU
		{66c4b463-8208-469e-2411-6838e3bbd018}.Debug|Any CPU.ActiveCfg = Debug|Any CPU
		{66c4b463-8208-469e-2411-6838e3bbd018}.Debug|Any CPU.Build.0 = Debug|Any CPU
		{0d826adf-a05a-07df-b413-a179e35d208b}.Debug|Any CPU.ActiveCfg = Debug|Any CPU
		{0d826adf-a05a-07df-b413-a179e35d208b}.Debug|Any CPU.Build.0 = Debug|Any CPU
		{3eac6f43-dfa6-039a-ffa3-7c89f2273a08}.Debug|Any CPU.ActiveCfg = Debug|Any CPU
		{3eac6f43-dfa6-039a-ffa3-7c89f2273a08}.Debug|Any CPU.Build.0 = Debug|Any CPU
		{a7b147df-acde-7455-8b3e-ddaa27f57731}.Debug|Any CPU.ActiveCfg = Debug|Any CPU
		{a7b147df-acde-7455-8b3e-ddaa27f57731}.Debug|Any CPU.Build.0 = Debug|Any CPU
		{b376955c-2657-f22f-de59-ec75d80fa906}.Debug|Any CPU.ActiveCfg = Debug|Any CPU
		{b376955c-2657-f22f-de59-ec75d80fa906}.Debug|Any CPU.Build.0 = Debug|Any CPU
		{1963fc62-321c-383c-7789-e1635ecb1798}.Debug|Any CPU.ActiveCfg = Debug|Any CPU
		{1963fc62-321c-383c-7789-e1635ecb1798}.Debug|Any CPU.Build.0 = Debug|Any CPU
		{805dccdc-ecb3-b79c-ae3f-3610186b7c17}.Debug|Any CPU.ActiveCfg = Debug|Any CPU
		{805dccdc-ecb3-b79c-ae3f-3610186b7c17}.Debug|Any CPU.Build.0 = Debug|Any CPU
		{6a2b7918-ee48-c8af-d5f0-62ee36ea0101}.Debug|Any CPU.ActiveCfg = Debug|Any CPU
		{6a2b7918-ee48-c8af-d5f0-62ee36ea0101}.Debug|Any CPU.Build.0 = Debug|Any CPU
		{50788959-91b8-2826-4ee4-3520e6995fc9}.Debug|Any CPU.ActiveCfg = Debug|Any CPU
		{50788959-91b8-2826-4ee4-3520e6995fc9}.Debug|Any CPU.Build.0 = Debug|Any CPU
		{6df7d8cb-c392-9297-d580-c03bb79182ff}.Debug|Any CPU.ActiveCfg = Debug|Any CPU
		{6df7d8cb-c392-9297-d580-c03bb79182ff}.Debug|Any CPU.Build.0 = Debug|Any CPU
		{5a7d13e9-e139-5eca-3cdc-521c6dfedf65}.Debug|Any CPU.ActiveCfg = Debug|Any CPU
		{5a7d13e9-e139-5eca-3cdc-521c6dfedf65}.Debug|Any CPU.Build.0 = Debug|Any CPU
		{c630e5cf-633b-3348-c07f-addf034a323f}.Debug|Any CPU.ActiveCfg = Debug|Any CPU
		{c630e5cf-633b-3348-c07f-addf034a323f}.Debug|Any CPU.Build.0 = Debug|Any CPU
		{6469cb13-f336-d048-8dbe-7a04b4caf48e}.Debug|Any CPU.ActiveCfg = Debug|Any CPU
		{6469cb13-f336-d048-8dbe-7a04b4caf48e}.Debug|Any CPU.Build.0 = Debug|Any CPU
		{c5bfca83-6ab4-d7f3-ad81-c000e9870d4b}.Debug|Any CPU.ActiveCfg = Debug|Any CPU
		{c5bfca83-6ab4-d7f3-ad81-c000e9870d4b}.Debug|Any CPU.Build.0 = Debug|Any CPU
		{364c288f-e368-e519-9629-d48f1cc91bf7}.Debug|Any CPU.ActiveCfg = Debug|Any CPU
		{364c288f-e368-e519-9629-d48f1cc91bf7}.Debug|Any CPU.Build.0 = Debug|Any CPU
		{0767385b-2951-aef9-2aaf-1441d5a7f3b6}.Debug|Any CPU.ActiveCfg = Debug|Any CPU
		{0767385b-2951-aef9-2aaf-1441d5a7f3b6}.Debug|Any CPU.Build.0 = Debug|Any CPU
		{fcae2405-781b-7e10-b9ec-52325520671d}.Debug|Any CPU.ActiveCfg = Debug|Any CPU
		{fcae2405-781b-7e10-b9ec-52325520671d}.Debug|Any CPU.Build.0 = Debug|Any CPU
		{5a885a3e-c06f-bbf1-52df-0e31d0258b0f}.Debug|Any CPU.ActiveCfg = Debug|Any CPU
		{5a885a3e-c06f-bbf1-52df-0e31d0258b0f}.Debug|Any CPU.Build.0 = Debug|Any CPU
		{0dccb184-4aa9-b373-bb6e-122da0d0b429}.Debug|Any CPU.ActiveCfg = Debug|Any CPU
		{0dccb184-4aa9-b373-bb6e-122da0d0b429}.Debug|Any CPU.Build.0 = Debug|Any CPU
		{f2b607fb-e616-1c42-f3c8-12dddde2386a}.Debug|Any CPU.ActiveCfg = Debug|Any CPU
		{f2b607fb-e616-1c42-f3c8-12dddde2386a}.Debug|Any CPU.Build.0 = Debug|Any CPU
		{bb721bfd-08f8-2db2-3bbd-51743fc80481}.Debug|Any CPU.ActiveCfg = Debug|Any CPU
		{bb721bfd-08f8-2db2-3bbd-51743fc80481}.Debug|Any CPU.Build.0 = Debug|Any CPU
		{52ecf705-58be-46dd-c270-5f61f0e5f2dc}.Debug|Any CPU.ActiveCfg = Debug|Any CPU
		{52ecf705-58be-46dd-c270-5f61f0e5f2dc}.Debug|Any CPU.Build.0 = Debug|Any CPU
		{1f5d81e3-e4df-2c1b-8621-ae15f630f34e}.Debug|Any CPU.ActiveCfg = Debug|Any CPU
		{1f5d81e3-e4df-2c1b-8621-ae15f630f34e}.Debug|Any CPU.Build.0 = Debug|Any CPU
		{7346d7cf-244d-23b9-0af4-dfb3de400e74}.Debug|Any CPU.ActiveCfg = Debug|Any CPU
		{7346d7cf-244d-23b9-0af4-dfb3de400e74}.Debug|Any CPU.Build.0 = Debug|Any CPU
		{f6bdf29c-51db-e053-d6a9-be669869e032}.Debug|Any CPU.ActiveCfg = Debug|Any CPU
		{f6bdf29c-51db-e053-d6a9-be669869e032}.Debug|Any CPU.Build.0 = Debug|Any CPU
		{e488f24a-ec89-91a9-60d0-b2a716462412}.Debug|Any CPU.ActiveCfg = Debug|Any CPU
		{e488f24a-ec89-91a9-60d0-b2a716462412}.Debug|Any CPU.Build.0 = Debug|Any CPU
		{1361410e-6d8a-0ebd-6188-618695d7805f}.Debug|Any CPU.ActiveCfg = Debug|Any CPU
		{1361410e-6d8a-0ebd-6188-618695d7805f}.Debug|Any CPU.Build.0 = Debug|Any CPU
		{d2211637-705b-8cdb-9ab1-d45bba2b418b}.Debug|Any CPU.ActiveCfg = Debug|Any CPU
		{d2211637-705b-8cdb-9ab1-d45bba2b418b}.Debug|Any CPU.Build.0 = Debug|Any CPU
		{671a545c-31fa-83d2-b069-da35e30fd0ab}.Debug|Any CPU.ActiveCfg = Debug|Any CPU
		{671a545c-31fa-83d2-b069-da35e30fd0ab}.Debug|Any CPU.Build.0 = Debug|Any CPU
		{edb5d6dd-ff4c-f4ac-bcc5-888fc844b6a0}.Debug|Any CPU.ActiveCfg = Debug|Any CPU
		{edb5d6dd-ff4c-f4ac-bcc5-888fc844b6a0}.Debug|Any CPU.Build.0 = Debug|Any CPU
		{56194692-fbad-aa86-06fe-dcada4fe6c21}.Debug|Any CPU.ActiveCfg = Debug|Any CPU
		{56194692-fbad-aa86-06fe-dcada4fe6c21}.Debug|Any CPU.Build.0 = Debug|Any CPU
		{8461dc53-5fbb-efa2-f7b0-a6479466d2fa}.Debug|Any CPU.ActiveCfg = Debug|Any CPU
		{8461dc53-5fbb-efa2-f7b0-a6479466d2fa}.Debug|Any CPU.Build.0 = Debug|Any CPU
		{0f4c1628-9c17-8554-a1a3-8f91189584f8}.Debug|Any CPU.ActiveCfg = Debug|Any CPU
		{0f4c1628-9c17-8554-a1a3-8f91189584f8}.Debug|Any CPU.Build.0 = Debug|Any CPU
		{9330ab64-cb7e-80e9-6de6-f2199082b9d2}.Debug|Any CPU.ActiveCfg = Debug|Any CPU
		{9330ab64-cb7e-80e9-6de6-f2199082b9d2}.Debug|Any CPU.Build.0 = Debug|Any CPU
		{03bc936d-b376-ba43-e6d3-502cb7ef47ad}.Debug|Any CPU.ActiveCfg = Debug|Any CPU
		{03bc936d-b376-ba43-e6d3-502cb7ef47ad}.Debug|Any CPU.Build.0 = Debug|Any CPU
		{2d368247-f794-fd5d-0c22-6b3b26b4aed3}.Debug|Any CPU.ActiveCfg = Debug|Any CPU
		{2d368247-f794-fd5d-0c22-6b3b26b4aed3}.Debug|Any CPU.Build.0 = Debug|Any CPU
		{6d801170-f555-dc1e-edf0-3c05c605011d}.Debug|Any CPU.ActiveCfg = Debug|Any CPU
		{6d801170-f555-dc1e-edf0-3c05c605011d}.Debug|Any CPU.Build.0 = Debug|Any CPU
		{cecb3ec4-66d8-673b-c998-cf66cfd096ab}.Debug|Any CPU.ActiveCfg = Debug|Any CPU
		{cecb3ec4-66d8-673b-c998-cf66cfd096ab}.Debug|Any CPU.Build.0 = Debug|Any CPU
		{30d8e418-3447-6e65-e730-0133899d3b60}.Debug|Any CPU.ActiveCfg = Debug|Any CPU
		{30d8e418-3447-6e65-e730-0133899d3b60}.Debug|Any CPU.Build.0 = Debug|Any CPU
		{0c571ffc-8540-6e54-4e65-f138da95f63f}.Debug|Any CPU.ActiveCfg = Debug|Any CPU
		{0c571ffc-8540-6e54-4e65-f138da95f63f}.Debug|Any CPU.Build.0 = Debug|Any CPU
		{f498a2e9-207e-c328-876a-0e7942dc3cbd}.Debug|Any CPU.ActiveCfg = Debug|Any CPU
		{f498a2e9-207e-c328-876a-0e7942dc3cbd}.Debug|Any CPU.Build.0 = Debug|Any CPU
		{2e637b49-e89e-eac6-57e9-1fcc6a2689da}.Debug|Any CPU.ActiveCfg = Debug|Any CPU
		{2e637b49-e89e-eac6-57e9-1fcc6a2689da}.Debug|Any CPU.Build.0 = Debug|Any CPU
		{acc4f5f1-132c-3881-080c-1f0b05e61a04}.Debug|Any CPU.ActiveCfg = Debug|Any CPU
		{acc4f5f1-132c-3881-080c-1f0b05e61a04}.Debug|Any CPU.Build.0 = Debug|Any CPU
		{e15f7513-0b92-b8ef-4ff2-71110a0ca328}.Debug|Any CPU.ActiveCfg = Debug|Any CPU
		{e15f7513-0b92-b8ef-4ff2-71110a0ca328}.Debug|Any CPU.Build.0 = Debug|Any CPU
		{bc5c8561-8991-c184-005e-aca79419e889}.Debug|Any CPU.ActiveCfg = Debug|Any CPU
		{bc5c8561-8991-c184-005e-aca79419e889}.Debug|Any CPU.Build.0 = Debug|Any CPU
		{eae531da-9aa4-994a-502a-479d3e93ffb0}.Debug|Any CPU.ActiveCfg = Debug|Any CPU
		{eae531da-9aa4-994a-502a-479d3e93ffb0}.Debug|Any CPU.Build.0 = Debug|Any CPU
		{fa1bb518-09ee-8b28-b287-d7de1ab5c95c}.Debug|Any CPU.ActiveCfg = Debug|Any CPU
		{fa1bb518-09ee-8b28-b287-d7de1ab5c95c}.Debug|Any CPU.Build.0 = Debug|Any CPU
		{904709eb-d2d4-c5fa-4440-95880951a0ea}.Debug|Any CPU.ActiveCfg = Debug|Any CPU
		{904709eb-d2d4-c5fa-4440-95880951a0ea}.Debug|Any CPU.Build.0 = Debug|Any CPU
		{f6238bde-477c-91f4-e84b-4db017f5bad2}.Debug|Any CPU.ActiveCfg = Debug|Any CPU
		{f6238bde-477c-91f4-e84b-4db017f5bad2}.Debug|Any CPU.Build.0 = Debug|Any CPU
		{f959491d-fd80-1cad-3635-d0bf100c496e}.Debug|Any CPU.ActiveCfg = Debug|Any CPU
		{f959491d-fd80-1cad-3635-d0bf100c496e}.Debug|Any CPU.Build.0 = Debug|Any CPU
		{c0105f23-38a0-575a-5dcd-6be55bbff20b}.Debug|Any CPU.ActiveCfg = Debug|Any CPU
		{c0105f23-38a0-575a-5dcd-6be55bbff20b}.Debug|Any CPU.Build.0 = Debug|Any CPU
		{2d973199-9b9a-7520-77c7-40968a269046}.Debug|Any CPU.ActiveCfg = Debug|Any CPU
		{2d973199-9b9a-7520-77c7-40968a269046}.Debug|Any CPU.Build.0 = Debug|Any CPU
		{5e300990-05c3-e8f5-033d-176f5bc35ab7}.Debug|Any CPU.ActiveCfg = Debug|Any CPU
		{5e300990-05c3-e8f5-033d-176f5bc35ab7}.Debug|Any CPU.Build.0 = Debug|Any CPU
		{b445f922-9923-c048-3961-403bd178cda3}.Debug|Any CPU.ActiveCfg = Debug|Any CPU
		{b445f922-9923-c048-3961-403bd178cda3}.Debug|Any CPU.Build.0 = Debug|Any CPU
		{b8e1feac-d0ec-ba70-105e-b4c08b29af25}.Debug|Any CPU.ActiveCfg = Debug|Any CPU
		{b8e1feac-d0ec-ba70-105e-b4c08b29af25}.Debug|Any CPU.Build.0 = Debug|Any CPU
		{facdd1ed-444e-2c98-a7b1-ce3b3126a358}.Debug|Any CPU.ActiveCfg = Debug|Any CPU
		{facdd1ed-444e-2c98-a7b1-ce3b3126a358}.Debug|Any CPU.Build.0 = Debug|Any CPU
		{6bc511f0-1210-7217-66b4-af3217876bac}.Debug|Any CPU.ActiveCfg = Debug|Any CPU
		{6bc511f0-1210-7217-66b4-af3217876bac}.Debug|Any CPU.Build.0 = Debug|Any CPU
		{35b4873b-2ceb-b002-58b5-ae705cc82620}.Debug|Any CPU.ActiveCfg = Debug|Any CPU
		{35b4873b-2ceb-b002-58b5-ae705cc82620}.Debug|Any CPU.Build.0 = Debug|Any CPU
		{43538f13-ba5c-e05e-6a09-19fa72f60afb}.Debug|Any CPU.ActiveCfg = Debug|Any CPU
		{43538f13-ba5c-e05e-6a09-19fa72f60afb}.Debug|Any CPU.Build.0 = Debug|Any CPU
		{05a0763b-44dc-4076-bd9d-c757a40bd325}.Debug|Any CPU.ActiveCfg = Debug|Any CPU
		{05a0763b-44dc-4076-bd9d-c757a40bd325}.Debug|Any CPU.Build.0 = Debug|Any CPU
		{f3082166-3b5b-d98c-6b5f-8d81bd561a3f}.Debug|Any CPU.ActiveCfg = Debug|Any CPU
		{f3082166-3b5b-d98c-6b5f-8d81bd561a3f}.Debug|Any CPU.Build.0 = Debug|Any CPU
		{f264b7b0-b2bf-ef8c-3d38-2dbffffe1655}.Debug|Any CPU.ActiveCfg = Debug|Any CPU
		{f264b7b0-b2bf-ef8c-3d38-2dbffffe1655}.Debug|Any CPU.Build.0 = Debug|Any CPU
		{32bae37f-7daf-670d-6eb2-beed023e117b}.Debug|Any CPU.ActiveCfg = Debug|Any CPU
		{32bae37f-7daf-670d-6eb2-beed023e117b}.Debug|Any CPU.Build.0 = Debug|Any CPU
		{e5962695-8221-eb9d-e1c6-5faddebbbc52}.Debug|Any CPU.ActiveCfg = Debug|Any CPU
		{e5962695-8221-eb9d-e1c6-5faddebbbc52}.Debug|Any CPU.Build.0 = Debug|Any CPU
		{526b5554-24a3-0cb3-2ffb-18f883e9426c}.Debug|Any CPU.ActiveCfg = Debug|Any CPU
		{526b5554-24a3-0cb3-2ffb-18f883e9426c}.Debug|Any CPU.Build.0 = Debug|Any CPU
		{0581a3b5-174a-8f1d-d80a-91ac915cdcd6}.Debug|Any CPU.ActiveCfg = Debug|Any CPU
		{0581a3b5-174a-8f1d-d80a-91ac915cdcd6}.Debug|Any CPU.Build.0 = Debug|Any CPU
		{159aa04d-ce7a-5a82-050b-863c4be2662a}.Debug|Any CPU.ActiveCfg = Debug|Any CPU
		{159aa04d-ce7a-5a82-050b-863c4be2662a}.Debug|Any CPU.Build.0 = Debug|Any CPU
		{163c4edd-66d6-955c-350a-1aac5678967e}.Debug|Any CPU.ActiveCfg = Debug|Any CPU
		{163c4edd-66d6-955c-350a-1aac5678967e}.Debug|Any CPU.Build.0 = Debug|Any CPU
		{4e0f1c68-267c-37c0-4ec6-87bb9e1cb4e4}.Debug|Any CPU.ActiveCfg = Debug|Any CPU
		{4e0f1c68-267c-37c0-4ec6-87bb9e1cb4e4}.Debug|Any CPU.Build.0 = Debug|Any CPU
		{e5ee5d78-9b9d-76ae-880d-c5689f344852}.Debug|Any CPU.ActiveCfg = Debug|Any CPU
		{e5ee5d78-9b9d-76ae-880d-c5689f344852}.Debug|Any CPU.Build.0 = Debug|Any CPU
		{e77dc0cc-ee78-0e6c-ce28-074f1b3130dd}.Debug|Any CPU.ActiveCfg = Debug|Any CPU
		{e77dc0cc-ee78-0e6c-ce28-074f1b3130dd}.Debug|Any CPU.Build.0 = Debug|Any CPU
		{33c1f1e9-f3ef-e975-2819-6d72dde33eb4}.Debug|Any CPU.ActiveCfg = Debug|Any CPU
		{33c1f1e9-f3ef-e975-2819-6d72dde33eb4}.Debug|Any CPU.Build.0 = Debug|Any CPU
		{8ae66d46-2a02-9111-bb48-a9ee55b9a77a}.Debug|Any CPU.ActiveCfg = Debug|Any CPU
		{8ae66d46-2a02-9111-bb48-a9ee55b9a77a}.Debug|Any CPU.Build.0 = Debug|Any CPU
		{ccb53dab-da44-85be-0f9c-f4cd1dc9f5ae}.Debug|Any CPU.ActiveCfg = Debug|Any CPU
		{ccb53dab-da44-85be-0f9c-f4cd1dc9f5ae}.Debug|Any CPU.Build.0 = Debug|Any CPU
		{1ab8a3ba-530c-c3bf-87c9-51cdab2f031d}.Debug|Any CPU.ActiveCfg = Debug|Any CPU
		{1ab8a3ba-530c-c3bf-87c9-51cdab2f031d}.Debug|Any CPU.Build.0 = Debug|Any CPU
		{bc164838-cba4-2321-345a-4474e27451e3}.Debug|Any CPU.ActiveCfg = Debug|Any CPU
		{bc164838-cba4-2321-345a-4474e27451e3}.Debug|Any CPU.Build.0 = Debug|Any CPU
		{cad222cc-bae2-9e03-7d65-0d1d4f181ef9}.Debug|Any CPU.ActiveCfg = Debug|Any CPU
		{cad222cc-bae2-9e03-7d65-0d1d4f181ef9}.Debug|Any CPU.Build.0 = Debug|Any CPU
		{9bfd0269-286b-f532-eade-960e5c47b49b}.Debug|Any CPU.ActiveCfg = Debug|Any CPU
		{9bfd0269-286b-f532-eade-960e5c47b49b}.Debug|Any CPU.Build.0 = Debug|Any CPU
		{07160d3d-30cb-23d6-ac31-c1274d354a07}.Debug|Any CPU.ActiveCfg = Debug|Any CPU
		{07160d3d-30cb-23d6-ac31-c1274d354a07}.Debug|Any CPU.Build.0 = Debug|Any CPU
		{00cfd5cb-5963-a261-ada8-fb035441e1a3}.Debug|Any CPU.ActiveCfg = Debug|Any CPU
		{00cfd5cb-5963-a261-ada8-fb035441e1a3}.Debug|Any CPU.Build.0 = Debug|Any CPU
		{a85cf537-53bc-1dbf-b204-b6e89e9d1618}.Debug|Any CPU.ActiveCfg = Debug|Any CPU
		{a85cf537-53bc-1dbf-b204-b6e89e9d1618}.Debug|Any CPU.Build.0 = Debug|Any CPU
		{ef67ca62-4abf-105d-8685-65d13c905c88}.Debug|Any CPU.ActiveCfg = Debug|Any CPU
		{ef67ca62-4abf-105d-8685-65d13c905c88}.Debug|Any CPU.Build.0 = Debug|Any CPU
		{6f16f883-53db-ad65-e848-594dd72ebcaa}.Debug|Any CPU.ActiveCfg = Debug|Any CPU
		{6f16f883-53db-ad65-e848-594dd72ebcaa}.Debug|Any CPU.Build.0 = Debug|Any CPU
		{6681ac84-92a9-817f-4fce-0572f4e0e999}.Debug|Any CPU.ActiveCfg = Debug|Any CPU
		{6681ac84-92a9-817f-4fce-0572f4e0e999}.Debug|Any CPU.Build.0 = Debug|Any CPU
		{005aae16-b616-4fb1-f041-d17bb44c6cbd}.Debug|Any CPU.ActiveCfg = Debug|Any CPU
		{005aae16-b616-4fb1-f041-d17bb44c6cbd}.Debug|Any CPU.Build.0 = Debug|Any CPU
		{ddb2faf6-c20a-f8e3-b07e-5072f0107a5e}.Debug|Any CPU.ActiveCfg = Debug|Any CPU
		{ddb2faf6-c20a-f8e3-b07e-5072f0107a5e}.Debug|Any CPU.Build.0 = Debug|Any CPU
		{73fa1095-113b-5592-be4f-21c500d5d0e4}.Debug|Any CPU.ActiveCfg = Debug|Any CPU
		{73fa1095-113b-5592-be4f-21c500d5d0e4}.Debug|Any CPU.Build.0 = Debug|Any CPU
		{30094780-eacb-afaa-4d27-e661ad34061e}.Debug|Any CPU.ActiveCfg = Debug|Any CPU
		{30094780-eacb-afaa-4d27-e661ad34061e}.Debug|Any CPU.Build.0 = Debug|Any CPU
		{e8c9b40c-1615-8460-a575-816528c4373a}.Debug|Any CPU.ActiveCfg = Debug|Any CPU
		{e8c9b40c-1615-8460-a575-816528c4373a}.Debug|Any CPU.Build.0 = Debug|Any CPU
		{fcf571b4-874f-3e0c-4532-b32653a0cf4b}.Debug|Any CPU.ActiveCfg = Debug|Any CPU
		{fcf571b4-874f-3e0c-4532-b32653a0cf4b}.Debug|Any CPU.Build.0 = Debug|Any CPU
		{4da843a1-2841-c368-148b-f084001cc578}.Debug|Any CPU.ActiveCfg = Debug|Any CPU
		{4da843a1-2841-c368-148b-f084001cc578}.Debug|Any CPU.Build.0 = Debug|Any CPU
		{48b0d269-8181-dcf8-e46e-2f7fb9b55538}.Debug|Any CPU.ActiveCfg = Debug|Any CPU
		{48b0d269-8181-dcf8-e46e-2f7fb9b55538}.Debug|Any CPU.Build.0 = Debug|Any CPU
		{cee26232-1179-a507-9b39-164107a9eeec}.Debug|Any CPU.ActiveCfg = Debug|Any CPU
		{cee26232-1179-a507-9b39-164107a9eeec}.Debug|Any CPU.Build.0 = Debug|Any CPU
		{1eb180e2-1ab5-4d94-f9ad-32b2afa46364}.Debug|Any CPU.ActiveCfg = Debug|Any CPU
		{1eb180e2-1ab5-4d94-f9ad-32b2afa46364}.Debug|Any CPU.Build.0 = Debug|Any CPU
		{de753388-87c6-df30-a1d9-4be61e46cd3f}.Debug|Any CPU.ActiveCfg = Debug|Any CPU
		{de753388-87c6-df30-a1d9-4be61e46cd3f}.Debug|Any CPU.Build.0 = Debug|Any CPU
		{36e0d1f5-d0ef-ff45-4e9e-e3cba780c1d9}.Debug|Any CPU.ActiveCfg = Debug|Any CPU
		{36e0d1f5-d0ef-ff45-4e9e-e3cba780c1d9}.Debug|Any CPU.Build.0 = Debug|Any CPU
		{1247ff2f-6d3f-414d-00b2-2711dde906a3}.Debug|Any CPU.ActiveCfg = Debug|Any CPU
		{1247ff2f-6d3f-414d-00b2-2711dde906a3}.Debug|Any CPU.Build.0 = Debug|Any CPU
		{60580567-8723-c588-1442-440538c724d5}.Debug|Any CPU.ActiveCfg = Debug|Any CPU
		{60580567-8723-c588-1442-440538c724d5}.Debug|Any CPU.Build.0 = Debug|Any CPU
		{0f02fe9c-9aa8-cc13-7f56-34bf0daa01c3}.Debug|Any CPU.ActiveCfg = Debug|Any CPU
		{0f02fe9c-9aa8-cc13-7f56-34bf0daa01c3}.Debug|Any CPU.Build.0 = Debug|Any CPU
		{bda248ea-e412-574c-f2b3-19869f2d6083}.Debug|Any CPU.ActiveCfg = Debug|Any CPU
		{bda248ea-e412-574c-f2b3-19869f2d6083}.Debug|Any CPU.Build.0 = Debug|Any CPU
		{c4fd63d5-3df9-1fef-72db-7083b4da03e9}.Debug|Any CPU.ActiveCfg = Debug|Any CPU
		{c4fd63d5-3df9-1fef-72db-7083b4da03e9}.Debug|Any CPU.Build.0 = Debug|Any CPU
		{c3200b8e-d720-10eb-53be-1f30d4255c5c}.Debug|Any CPU.ActiveCfg = Debug|Any CPU
		{c3200b8e-d720-10eb-53be-1f30d4255c5c}.Debug|Any CPU.Build.0 = Debug|Any CPU
		{8fc4b64e-b9b4-174f-7f52-d54fab31ef38}.Debug|Any CPU.ActiveCfg = Debug|Any CPU
		{8fc4b64e-b9b4-174f-7f52-d54fab31ef38}.Debug|Any CPU.Build.0 = Debug|Any CPU
		{5ebf4de5-5abb-9363-36fd-76e752bb3e8a}.Debug|Any CPU.ActiveCfg = Debug|Any CPU
		{5ebf4de5-5abb-9363-36fd-76e752bb3e8a}.Debug|Any CPU.Build.0 = Debug|Any CPU
		{53419856-9fdb-6be4-be51-c66bb7d4a5ab}.Debug|Any CPU.ActiveCfg = Debug|Any CPU
		{53419856-9fdb-6be4-be51-c66bb7d4a5ab}.Debug|Any CPU.Build.0 = Debug|Any CPU
		{81e96e9e-e8ac-aba5-a8e0-e51e241d6056}.Debug|Any CPU.ActiveCfg = Debug|Any CPU
		{81e96e9e-e8ac-aba5-a8e0-e51e241d6056}.Debug|Any CPU.Build.0 = Debug|Any CPU
		{e4b5dbcf-2ba0-1735-4236-4c6dee5a6b12}.Debug|Any CPU.ActiveCfg = Debug|Any CPU
		{e4b5dbcf-2ba0-1735-4236-4c6dee5a6b12}.Debug|Any CPU.Build.0 = Debug|Any CPU
		{7d9c5201-e68d-9072-f2ce-c2316a4fb04c}.Debug|Any CPU.ActiveCfg = Debug|Any CPU
		{7d9c5201-e68d-9072-f2ce-c2316a4fb04c}.Debug|Any CPU.Build.0 = Debug|Any CPU
		{706fd5f5-ecef-8918-8418-277538f52183}.Debug|Any CPU.ActiveCfg = Debug|Any CPU
		{706fd5f5-ecef-8918-8418-277538f52183}.Debug|Any CPU.Build.0 = Debug|Any CPU
		{f35c14ce-2277-79ce-b540-c83eb9be562e}.Debug|Any CPU.ActiveCfg = Debug|Any CPU
		{f35c14ce-2277-79ce-b540-c83eb9be562e}.Debug|Any CPU.Build.0 = Debug|Any CPU
		{8eb21f82-290c-b539-1910-f981b7bc8c15}.Debug|Any CPU.ActiveCfg = Debug|Any CPU
		{8eb21f82-290c-b539-1910-f981b7bc8c15}.Debug|Any CPU.Build.0 = Debug|Any CPU
		{784d616d-d75d-478e-ac8c-cc9dea79e973}.Debug|Any CPU.ActiveCfg = Debug|Any CPU
		{784d616d-d75d-478e-ac8c-cc9dea79e973}.Debug|Any CPU.Build.0 = Debug|Any CPU
		{a85d8d59-3bfc-be5f-c222-0b05997ff74f}.Debug|Any CPU.ActiveCfg = Debug|Any CPU
		{a85d8d59-3bfc-be5f-c222-0b05997ff74f}.Debug|Any CPU.Build.0 = Debug|Any CPU
		{39896da2-0b2d-dcee-42b1-932d962e4012}.Debug|Any CPU.ActiveCfg = Debug|Any CPU
		{39896da2-0b2d-dcee-42b1-932d962e4012}.Debug|Any CPU.Build.0 = Debug|Any CPU
		{70521a33-2b0f-3adf-e565-78e581f3a20c}.Debug|Any CPU.ActiveCfg = Debug|Any CPU
		{70521a33-2b0f-3adf-e565-78e581f3a20c}.Debug|Any CPU.Build.0 = Debug|Any CPU
		{9e2e986a-432b-1b10-46a3-3be54eb75bc2}.Debug|Any CPU.ActiveCfg = Debug|Any CPU
		{9e2e986a-432b-1b10-46a3-3be54eb75bc2}.Debug|Any CPU.Build.0 = Debug|Any CPU
		{144c0aed-392d-a46a-7655-03df54593a51}.Debug|Any CPU.ActiveCfg = Debug|Any CPU
		{144c0aed-392d-a46a-7655-03df54593a51}.Debug|Any CPU.Build.0 = Debug|Any CPU
		{444cabfc-c370-30ca-406b-44ec4ba6032b}.Debug|Any CPU.ActiveCfg = Debug|Any CPU
		{444cabfc-c370-30ca-406b-44ec4ba6032b}.Debug|Any CPU.Build.0 = Debug|Any CPU
		{ae9f43ac-664c-ef3f-8331-c9abda93c916}.Debug|Any CPU.ActiveCfg = Debug|Any CPU
		{ae9f43ac-664c-ef3f-8331-c9abda93c916}.Debug|Any CPU.Build.0 = Debug|Any CPU
		{c44dcc5a-2766-a425-69fa-2f669f5978f9}.Debug|Any CPU.ActiveCfg = Debug|Any CPU
		{c44dcc5a-2766-a425-69fa-2f669f5978f9}.Debug|Any CPU.Build.0 = Debug|Any CPU
		{c5a517a8-6d25-d8c8-9b2c-2b9f859f5def}.Debug|Any CPU.ActiveCfg = Debug|Any CPU
		{c5a517a8-6d25-d8c8-9b2c-2b9f859f5def}.Debug|Any CPU.Build.0 = Debug|Any CPU
		{354c2bf7-ea10-5acd-3f22-ef4a6b42e207}.Debug|Any CPU.ActiveCfg = Debug|Any CPU
		{354c2bf7-ea10-5acd-3f22-ef4a6b42e207}.Debug|Any CPU.Build.0 = Debug|Any CPU
		{1e634568-331a-0634-0ddf-d3a13b700b50}.Debug|Any CPU.ActiveCfg = Debug|Any CPU
		{1e634568-331a-0634-0ddf-d3a13b700b50}.Debug|Any CPU.Build.0 = Debug|Any CPU
	EndGlobalSection
	GlobalSection(SolutionProperties) = preSolution
		HideSolutionNode = FALSE
	EndGlobalSection
EndGlobal
